
Microsoft Visual Studio Solution File, Format Version 12.00
# Visual Studio Version 17
VisualStudioVersion = 17.4.33122.133
MinimumVisualStudioVersion = 10.0.40219.1
Project("{8BC9CEB8-8B4A-11D0-8D11-00A0C91BC942}") = "asp2d3", "asp2d3\asp2d3.vcxproj", "{A45CB599-0591-4068-A4BC-3F9D31B74C81}"
EndProject
Global
	GlobalSection(SolutionConfigurationPlatforms) = preSolution
		Debug|x64 = Debug|x64
		Debug|x86 = Debug|x86
		Release|x64 = Release|x64
		Release|x86 = Release|x86
	EndGlobalSection
	GlobalSection(ProjectConfigurationPlatforms) = postSolution
		{A45CB599-0591-4068-A4BC-3F9D31B74C81}.Debug|x64.ActiveCfg = Debug|x64
		{A45CB599-0591-4068-A4BC-3F9D31B74C81}.Debug|x64.Build.0 = Debug|x64
		{A45CB599-0591-4068-A4BC-3F9D31B74C81}.Debug|x86.ActiveCfg = Debug|Win32
		{A45CB599-0591-4068-A4BC-3F9D31B74C81}.Debug|x86.Build.0 = Debug|Win32
		{A45CB599-0591-4068-A4BC-3F9D31B74C81}.Release|x64.ActiveCfg = Release|x64
		{A45CB599-0591-4068-A4BC-3F9D31B74C81}.Release|x64.Build.0 = Release|x64
		{A45CB599-0591-4068-A4BC-3F9D31B74C81}.Release|x86.ActiveCfg = Release|Win32
		{A45CB599-0591-4068-A4BC-3F9D31B74C81}.Release|x86.Build.0 = Release|Win32
	EndGlobalSection
	GlobalSection(SolutionProperties) = preSolution
		HideSolutionNode = FALSE
	EndGlobalSection
	GlobalSection(ExtensibilityGlobals) = postSolution
		SolutionGuid = {51B43F09-2DFA-4DD6-A8DD-68F663B2784D}
	EndGlobalSection
EndGlobal
